// !$*UTF8*$!
{
	archiveVersion = 1;
	classes = {
	};
	objectVersion = 55;
	objects = {

/* Begin PBXBuildFile section */
		4E35A5180885644AF0D84CBF /* Pods_threeadventures.framework in Frameworks */ = {isa = PBXBuildFile; fileRef = DE9791E69E8EDEDE99EF1D87 /* Pods_threeadventures.framework */; };
		827BE2A292E5D3EE31399848 /* Pods_threeadventures_threeadventuresUITests.framework in Frameworks */ = {isa = PBXBuildFile; fileRef = 6E8639549A44A6AE16346F49 /* Pods_threeadventures_threeadventuresUITests.framework */; };
		CB6833D227D4FFC5009F802A /* UserSettingsService.swift in Sources */ = {isa = PBXBuildFile; fileRef = CB6833D127D4FFC5009F802A /* UserSettingsService.swift */; };
		CBA61EE827CC0C5F00547EDE /* AppDelegate.swift in Sources */ = {isa = PBXBuildFile; fileRef = CBA61EE727CC0C5F00547EDE /* AppDelegate.swift */; };
		CBA61EF127CC0C6000547EDE /* Assets.xcassets in Resources */ = {isa = PBXBuildFile; fileRef = CBA61EF027CC0C6000547EDE /* Assets.xcassets */; };
		CBA61EF427CC0C6000547EDE /* LaunchScreen.storyboard in Resources */ = {isa = PBXBuildFile; fileRef = CBA61EF227CC0C6000547EDE /* LaunchScreen.storyboard */; };
		CBA61EFF27CC0C6000547EDE /* threeadventuresTests.swift in Sources */ = {isa = PBXBuildFile; fileRef = CBA61EFE27CC0C6000547EDE /* threeadventuresTests.swift */; };
		CBA61F0927CC0C6000547EDE /* threeadventuresUITests.swift in Sources */ = {isa = PBXBuildFile; fileRef = CBA61F0827CC0C6000547EDE /* threeadventuresUITests.swift */; };
		CBA61F0B27CC0C6000547EDE /* threeadventuresUITestsLaunchTests.swift in Sources */ = {isa = PBXBuildFile; fileRef = CBA61F0A27CC0C6000547EDE /* threeadventuresUITestsLaunchTests.swift */; };
		CBA61F1A27CC0D0900547EDE /* MainCoordinator.swift in Sources */ = {isa = PBXBuildFile; fileRef = CBA61F1927CC0D0900547EDE /* MainCoordinator.swift */; };
		CBA61F2327CC0D2600547EDE /* AgeCheckCoordinator.swift in Sources */ = {isa = PBXBuildFile; fileRef = CBA61F1D27CC0D2600547EDE /* AgeCheckCoordinator.swift */; };
		CBA61F2427CC0D2600547EDE /* AgeCheckFactory.swift in Sources */ = {isa = PBXBuildFile; fileRef = CBA61F1E27CC0D2600547EDE /* AgeCheckFactory.swift */; };
		CBA61F2527CC0D2600547EDE /* AgeCheckPresenter.swift in Sources */ = {isa = PBXBuildFile; fileRef = CBA61F1F27CC0D2600547EDE /* AgeCheckPresenter.swift */; };
		CBA61F2627CC0D2600547EDE /* AgeCheckViewController.swift in Sources */ = {isa = PBXBuildFile; fileRef = CBA61F2027CC0D2600547EDE /* AgeCheckViewController.swift */; };
		CBA61F2727CC0D2600547EDE /* AgeCheckInteractor.swift in Sources */ = {isa = PBXBuildFile; fileRef = CBA61F2127CC0D2600547EDE /* AgeCheckInteractor.swift */; };
		CBA61F2827CC0D2600547EDE /* AgeCheckService.swift in Sources */ = {isa = PBXBuildFile; fileRef = CBA61F2227CC0D2600547EDE /* AgeCheckService.swift */; };
		CBA61F2A27CC0D3700547EDE /* Coordinator.swift in Sources */ = {isa = PBXBuildFile; fileRef = CBA61F2927CC0D3700547EDE /* Coordinator.swift */; };
		CBA61F2D27CC0EB900547EDE /* ViewController.swift in Sources */ = {isa = PBXBuildFile; fileRef = CBA61F2C27CC0EB900547EDE /* ViewController.swift */; };
		CBA61F3127CC2F7E00547EDE /* UIView+Extensions.swift in Sources */ = {isa = PBXBuildFile; fileRef = CBA61F3027CC2F7E00547EDE /* UIView+Extensions.swift */; };
		CBA61F3927CC373B00547EDE /* Assets.generated.swift in Sources */ = {isa = PBXBuildFile; fileRef = CBA61F3627CC373B00547EDE /* Assets.generated.swift */; };
		CBA61F3A27CC373B00547EDE /* Strings.generated.swift in Sources */ = {isa = PBXBuildFile; fileRef = CBA61F3727CC373B00547EDE /* Strings.generated.swift */; };
		CBA61F3B27CC373B00547EDE /* Accessibility.generated.swift in Sources */ = {isa = PBXBuildFile; fileRef = CBA61F3827CC373B00547EDE /* Accessibility.generated.swift */; };
		CBA61F3F27CC3E3D00547EDE /* UIFont+Extensions.swift in Sources */ = {isa = PBXBuildFile; fileRef = CBA61F3E27CC3E3D00547EDE /* UIFont+Extensions.swift */; };
		CBA61F4027CC3EB800547EDE /* MarcellusSC-Regular.ttf in Resources */ = {isa = PBXBuildFile; fileRef = CBA61F3D27CC3D7F00547EDE /* MarcellusSC-Regular.ttf */; };
		D8EC95B2E70D00189E124D10 /* Pods_threeadventuresTests.framework in Frameworks */ = {isa = PBXBuildFile; fileRef = 565798A647B9918DC1BF23ED /* Pods_threeadventuresTests.framework */; };
/* End PBXBuildFile section */

/* Begin PBXContainerItemProxy section */
		CBA61EFB27CC0C6000547EDE /* PBXContainerItemProxy */ = {
			isa = PBXContainerItemProxy;
			containerPortal = CBA61EDC27CC0C5F00547EDE /* Project object */;
			proxyType = 1;
			remoteGlobalIDString = CBA61EE327CC0C5F00547EDE;
			remoteInfo = threeadventures;
		};
		CBA61F0527CC0C6000547EDE /* PBXContainerItemProxy */ = {
			isa = PBXContainerItemProxy;
			containerPortal = CBA61EDC27CC0C5F00547EDE /* Project object */;
			proxyType = 1;
			remoteGlobalIDString = CBA61EE327CC0C5F00547EDE;
			remoteInfo = threeadventures;
		};
/* End PBXContainerItemProxy section */

/* Begin PBXFileReference section */
		1104FCE59805C8211D49D119 /* Pods-threeadventures.release.xcconfig */ = {isa = PBXFileReference; includeInIndex = 1; lastKnownFileType = text.xcconfig; name = "Pods-threeadventures.release.xcconfig"; path = "Target Support Files/Pods-threeadventures/Pods-threeadventures.release.xcconfig"; sourceTree = "<group>"; };
		565798A647B9918DC1BF23ED /* Pods_threeadventuresTests.framework */ = {isa = PBXFileReference; explicitFileType = wrapper.framework; includeInIndex = 0; path = Pods_threeadventuresTests.framework; sourceTree = BUILT_PRODUCTS_DIR; };
		6E8639549A44A6AE16346F49 /* Pods_threeadventures_threeadventuresUITests.framework */ = {isa = PBXFileReference; explicitFileType = wrapper.framework; includeInIndex = 0; path = Pods_threeadventures_threeadventuresUITests.framework; sourceTree = BUILT_PRODUCTS_DIR; };
		790DCD20F3F6D231179862E9 /* Pods-threeadventures-threeadventuresUITests.debug.xcconfig */ = {isa = PBXFileReference; includeInIndex = 1; lastKnownFileType = text.xcconfig; name = "Pods-threeadventures-threeadventuresUITests.debug.xcconfig"; path = "Target Support Files/Pods-threeadventures-threeadventuresUITests/Pods-threeadventures-threeadventuresUITests.debug.xcconfig"; sourceTree = "<group>"; };
		9154DA702A963E557E0FC4F2 /* Pods-threeadventures-threeadventuresUITests.release.xcconfig */ = {isa = PBXFileReference; includeInIndex = 1; lastKnownFileType = text.xcconfig; name = "Pods-threeadventures-threeadventuresUITests.release.xcconfig"; path = "Target Support Files/Pods-threeadventures-threeadventuresUITests/Pods-threeadventures-threeadventuresUITests.release.xcconfig"; sourceTree = "<group>"; };
		9BABA1290A3060ACF5E94475 /* Pods-threeadventuresTests.debug.xcconfig */ = {isa = PBXFileReference; includeInIndex = 1; lastKnownFileType = text.xcconfig; name = "Pods-threeadventuresTests.debug.xcconfig"; path = "Target Support Files/Pods-threeadventuresTests/Pods-threeadventuresTests.debug.xcconfig"; sourceTree = "<group>"; };
		CB6833D127D4FFC5009F802A /* UserSettingsService.swift */ = {isa = PBXFileReference; lastKnownFileType = sourcecode.swift; path = UserSettingsService.swift; sourceTree = "<group>"; };
		CBA61EE427CC0C5F00547EDE /* threeadventures.app */ = {isa = PBXFileReference; explicitFileType = wrapper.application; includeInIndex = 0; path = threeadventures.app; sourceTree = BUILT_PRODUCTS_DIR; };
		CBA61EE727CC0C5F00547EDE /* AppDelegate.swift */ = {isa = PBXFileReference; lastKnownFileType = sourcecode.swift; path = AppDelegate.swift; sourceTree = "<group>"; };
		CBA61EF027CC0C6000547EDE /* Assets.xcassets */ = {isa = PBXFileReference; lastKnownFileType = folder.assetcatalog; path = Assets.xcassets; sourceTree = "<group>"; };
		CBA61EF327CC0C6000547EDE /* Base */ = {isa = PBXFileReference; lastKnownFileType = file.storyboard; name = Base; path = Base.lproj/LaunchScreen.storyboard; sourceTree = "<group>"; };
		CBA61EF527CC0C6000547EDE /* Info.plist */ = {isa = PBXFileReference; lastKnownFileType = text.plist.xml; path = Info.plist; sourceTree = "<group>"; };
		CBA61EFA27CC0C6000547EDE /* threeadventuresTests.xctest */ = {isa = PBXFileReference; explicitFileType = wrapper.cfbundle; includeInIndex = 0; path = threeadventuresTests.xctest; sourceTree = BUILT_PRODUCTS_DIR; };
		CBA61EFE27CC0C6000547EDE /* threeadventuresTests.swift */ = {isa = PBXFileReference; lastKnownFileType = sourcecode.swift; path = threeadventuresTests.swift; sourceTree = "<group>"; };
		CBA61F0427CC0C6000547EDE /* threeadventuresUITests.xctest */ = {isa = PBXFileReference; explicitFileType = wrapper.cfbundle; includeInIndex = 0; path = threeadventuresUITests.xctest; sourceTree = BUILT_PRODUCTS_DIR; };
		CBA61F0827CC0C6000547EDE /* threeadventuresUITests.swift */ = {isa = PBXFileReference; lastKnownFileType = sourcecode.swift; path = threeadventuresUITests.swift; sourceTree = "<group>"; };
		CBA61F0A27CC0C6000547EDE /* threeadventuresUITestsLaunchTests.swift */ = {isa = PBXFileReference; lastKnownFileType = sourcecode.swift; path = threeadventuresUITestsLaunchTests.swift; sourceTree = "<group>"; };
		CBA61F1927CC0D0900547EDE /* MainCoordinator.swift */ = {isa = PBXFileReference; lastKnownFileType = sourcecode.swift; path = MainCoordinator.swift; sourceTree = "<group>"; };
		CBA61F1D27CC0D2600547EDE /* AgeCheckCoordinator.swift */ = {isa = PBXFileReference; lastKnownFileType = sourcecode.swift; path = AgeCheckCoordinator.swift; sourceTree = "<group>"; };
		CBA61F1E27CC0D2600547EDE /* AgeCheckFactory.swift */ = {isa = PBXFileReference; lastKnownFileType = sourcecode.swift; path = AgeCheckFactory.swift; sourceTree = "<group>"; };
		CBA61F1F27CC0D2600547EDE /* AgeCheckPresenter.swift */ = {isa = PBXFileReference; lastKnownFileType = sourcecode.swift; path = AgeCheckPresenter.swift; sourceTree = "<group>"; };
		CBA61F2027CC0D2600547EDE /* AgeCheckViewController.swift */ = {isa = PBXFileReference; lastKnownFileType = sourcecode.swift; path = AgeCheckViewController.swift; sourceTree = "<group>"; };
		CBA61F2127CC0D2600547EDE /* AgeCheckInteractor.swift */ = {isa = PBXFileReference; lastKnownFileType = sourcecode.swift; path = AgeCheckInteractor.swift; sourceTree = "<group>"; };
		CBA61F2227CC0D2600547EDE /* AgeCheckService.swift */ = {isa = PBXFileReference; lastKnownFileType = sourcecode.swift; path = AgeCheckService.swift; sourceTree = "<group>"; };
		CBA61F2927CC0D3700547EDE /* Coordinator.swift */ = {isa = PBXFileReference; lastKnownFileType = sourcecode.swift; path = Coordinator.swift; sourceTree = "<group>"; };
		CBA61F2C27CC0EB900547EDE /* ViewController.swift */ = {isa = PBXFileReference; lastKnownFileType = sourcecode.swift; path = ViewController.swift; sourceTree = "<group>"; };
		CBA61F3027CC2F7E00547EDE /* UIView+Extensions.swift */ = {isa = PBXFileReference; lastKnownFileType = sourcecode.swift; path = "UIView+Extensions.swift"; sourceTree = "<group>"; };
		CBA61F3627CC373B00547EDE /* Assets.generated.swift */ = {isa = PBXFileReference; fileEncoding = 4; lastKnownFileType = sourcecode.swift; path = Assets.generated.swift; sourceTree = "<group>"; };
		CBA61F3727CC373B00547EDE /* Strings.generated.swift */ = {isa = PBXFileReference; fileEncoding = 4; lastKnownFileType = sourcecode.swift; path = Strings.generated.swift; sourceTree = "<group>"; };
		CBA61F3827CC373B00547EDE /* Accessibility.generated.swift */ = {isa = PBXFileReference; fileEncoding = 4; lastKnownFileType = sourcecode.swift; path = Accessibility.generated.swift; sourceTree = "<group>"; };
		CBA61F3D27CC3D7F00547EDE /* MarcellusSC-Regular.ttf */ = {isa = PBXFileReference; lastKnownFileType = file; path = "MarcellusSC-Regular.ttf"; sourceTree = "<group>"; };
		CBA61F3E27CC3E3D00547EDE /* UIFont+Extensions.swift */ = {isa = PBXFileReference; lastKnownFileType = sourcecode.swift; path = "UIFont+Extensions.swift"; sourceTree = "<group>"; };
		DE9791E69E8EDEDE99EF1D87 /* Pods_threeadventures.framework */ = {isa = PBXFileReference; explicitFileType = wrapper.framework; includeInIndex = 0; path = Pods_threeadventures.framework; sourceTree = BUILT_PRODUCTS_DIR; };
		ECB9485C01CD9D0E429D7050 /* Pods-threeadventuresTests.release.xcconfig */ = {isa = PBXFileReference; includeInIndex = 1; lastKnownFileType = text.xcconfig; name = "Pods-threeadventuresTests.release.xcconfig"; path = "Target Support Files/Pods-threeadventuresTests/Pods-threeadventuresTests.release.xcconfig"; sourceTree = "<group>"; };
		F294E99CB67A40243802D0F5 /* Pods-threeadventures.debug.xcconfig */ = {isa = PBXFileReference; includeInIndex = 1; lastKnownFileType = text.xcconfig; name = "Pods-threeadventures.debug.xcconfig"; path = "Target Support Files/Pods-threeadventures/Pods-threeadventures.debug.xcconfig"; sourceTree = "<group>"; };
/* End PBXFileReference section */

/* Begin PBXFrameworksBuildPhase section */
		CBA61EE127CC0C5F00547EDE /* Frameworks */ = {
			isa = PBXFrameworksBuildPhase;
			buildActionMask = 2147483647;
			files = (
				4E35A5180885644AF0D84CBF /* Pods_threeadventures.framework in Frameworks */,
			);
			runOnlyForDeploymentPostprocessing = 0;
		};
		CBA61EF727CC0C6000547EDE /* Frameworks */ = {
			isa = PBXFrameworksBuildPhase;
			buildActionMask = 2147483647;
			files = (
				D8EC95B2E70D00189E124D10 /* Pods_threeadventuresTests.framework in Frameworks */,
			);
			runOnlyForDeploymentPostprocessing = 0;
		};
		CBA61F0127CC0C6000547EDE /* Frameworks */ = {
			isa = PBXFrameworksBuildPhase;
			buildActionMask = 2147483647;
			files = (
				827BE2A292E5D3EE31399848 /* Pods_threeadventures_threeadventuresUITests.framework in Frameworks */,
			);
			runOnlyForDeploymentPostprocessing = 0;
		};
/* End PBXFrameworksBuildPhase section */

/* Begin PBXGroup section */
		34BDA1C9FB42C0C7B1BB577C /* Pods */ = {
			isa = PBXGroup;
			children = (
				F294E99CB67A40243802D0F5 /* Pods-threeadventures.debug.xcconfig */,
				1104FCE59805C8211D49D119 /* Pods-threeadventures.release.xcconfig */,
				790DCD20F3F6D231179862E9 /* Pods-threeadventures-threeadventuresUITests.debug.xcconfig */,
				9154DA702A963E557E0FC4F2 /* Pods-threeadventures-threeadventuresUITests.release.xcconfig */,
				9BABA1290A3060ACF5E94475 /* Pods-threeadventuresTests.debug.xcconfig */,
				ECB9485C01CD9D0E429D7050 /* Pods-threeadventuresTests.release.xcconfig */,
			);
			path = Pods;
			sourceTree = "<group>";
		};
		97DA70CBEC2156259FEC36E0 /* Frameworks */ = {
			isa = PBXGroup;
			children = (
				DE9791E69E8EDEDE99EF1D87 /* Pods_threeadventures.framework */,
				6E8639549A44A6AE16346F49 /* Pods_threeadventures_threeadventuresUITests.framework */,
				565798A647B9918DC1BF23ED /* Pods_threeadventuresTests.framework */,
			);
			name = Frameworks;
			sourceTree = "<group>";
		};
		CB6833CF27D4FFAA009F802A /* Main */ = {
			isa = PBXGroup;
			children = (
				CB6833D127D4FFC5009F802A /* UserSettingsService.swift */,
				CBA61F1927CC0D0900547EDE /* MainCoordinator.swift */,
				CBA61F2927CC0D3700547EDE /* Coordinator.swift */,
			);
			path = Main;
			sourceTree = "<group>";
		};
		CBA61EDB27CC0C5F00547EDE = {
			isa = PBXGroup;
			children = (
				CBA61EE627CC0C5F00547EDE /* threeadventures */,
				CBA61EFD27CC0C6000547EDE /* threeadventuresTests */,
				CBA61F0727CC0C6000547EDE /* threeadventuresUITests */,
				CBA61EE527CC0C5F00547EDE /* Products */,
				34BDA1C9FB42C0C7B1BB577C /* Pods */,
				97DA70CBEC2156259FEC36E0 /* Frameworks */,
			);
			sourceTree = "<group>";
		};
		CBA61EE527CC0C5F00547EDE /* Products */ = {
			isa = PBXGroup;
			children = (
				CBA61EE427CC0C5F00547EDE /* threeadventures.app */,
				CBA61EFA27CC0C6000547EDE /* threeadventuresTests.xctest */,
				CBA61F0427CC0C6000547EDE /* threeadventuresUITests.xctest */,
			);
			name = Products;
			sourceTree = "<group>";
		};
		CBA61EE627CC0C5F00547EDE /* threeadventures */ = {
			isa = PBXGroup;
			children = (
				CBA61F3527CC360500547EDE /* Accessibility */,
				CBA61F3427CC35F700547EDE /* Generated */,
				CBA61F3327CC35EC00547EDE /* Localizable */,
				CBA61F2F27CC2F7100547EDE /* Extensions */,
				CBA61F2B27CC0EA800547EDE /* Commons */,
				CBA61F1B27CC0D1300547EDE /* Scenes */,
				CBA61F1827CC0CA300547EDE /* Resources */,
				CBA61F1727CC0C8600547EDE /* Sources */,
			);
			path = threeadventures;
			sourceTree = "<group>";
		};
		CBA61EFD27CC0C6000547EDE /* threeadventuresTests */ = {
			isa = PBXGroup;
			children = (
				CBA61EFE27CC0C6000547EDE /* threeadventuresTests.swift */,
			);
			path = threeadventuresTests;
			sourceTree = "<group>";
		};
		CBA61F0727CC0C6000547EDE /* threeadventuresUITests */ = {
			isa = PBXGroup;
			children = (
				CBA61F0827CC0C6000547EDE /* threeadventuresUITests.swift */,
				CBA61F0A27CC0C6000547EDE /* threeadventuresUITestsLaunchTests.swift */,
			);
			path = threeadventuresUITests;
			sourceTree = "<group>";
		};
		CBA61F1727CC0C8600547EDE /* Sources */ = {
			isa = PBXGroup;
			children = (
				CBA61EF527CC0C6000547EDE /* Info.plist */,
				CBA61EE727CC0C5F00547EDE /* AppDelegate.swift */,
				CBA61EF227CC0C6000547EDE /* LaunchScreen.storyboard */,
			);
			path = Sources;
			sourceTree = "<group>";
		};
		CBA61F1827CC0CA300547EDE /* Resources */ = {
			isa = PBXGroup;
			children = (
				CBA61F3C27CC3D6100547EDE /* Fonts */,
				CBA61EF027CC0C6000547EDE /* Assets.xcassets */,
			);
			path = Resources;
			sourceTree = "<group>";
		};
		CBA61F1B27CC0D1300547EDE /* Scenes */ = {
			isa = PBXGroup;
			children = (
				CB6833CF27D4FFAA009F802A /* Main */,
				CBA61F1C27CC0D1800547EDE /* AgeCheck */,
			);
			path = Scenes;
			sourceTree = "<group>";
		};
		CBA61F1C27CC0D1800547EDE /* AgeCheck */ = {
			isa = PBXGroup;
			children = (
				CBA61F1D27CC0D2600547EDE /* AgeCheckCoordinator.swift */,
				CBA61F1E27CC0D2600547EDE /* AgeCheckFactory.swift */,
				CBA61F1F27CC0D2600547EDE /* AgeCheckPresenter.swift */,
				CBA61F2027CC0D2600547EDE /* AgeCheckViewController.swift */,
				CBA61F2127CC0D2600547EDE /* AgeCheckInteractor.swift */,
				CBA61F2227CC0D2600547EDE /* AgeCheckService.swift */,
			);
			path = AgeCheck;
			sourceTree = "<group>";
		};
		CBA61F2B27CC0EA800547EDE /* Commons */ = {
			isa = PBXGroup;
			children = (
				CBA61F2C27CC0EB900547EDE /* ViewController.swift */,
			);
			path = Commons;
			sourceTree = "<group>";
		};
		CBA61F2F27CC2F7100547EDE /* Extensions */ = {
			isa = PBXGroup;
			children = (
				CBA61F3027CC2F7E00547EDE /* UIView+Extensions.swift */,
				CBA61F3E27CC3E3D00547EDE /* UIFont+Extensions.swift */,
			);
			path = Extensions;
			sourceTree = "<group>";
		};
		CBA61F3327CC35EC00547EDE /* Localizable */ = {
			isa = PBXGroup;
			children = (
			);
			path = Localizable;
			sourceTree = "<group>";
		};
		CBA61F3427CC35F700547EDE /* Generated */ = {
			isa = PBXGroup;
			children = (
				CBA61F3827CC373B00547EDE /* Accessibility.generated.swift */,
				CBA61F3627CC373B00547EDE /* Assets.generated.swift */,
				CBA61F3727CC373B00547EDE /* Strings.generated.swift */,
			);
			path = Generated;
			sourceTree = "<group>";
		};
		CBA61F3527CC360500547EDE /* Accessibility */ = {
			isa = PBXGroup;
			children = (
			);
			path = Accessibility;
			sourceTree = "<group>";
		};
		CBA61F3C27CC3D6100547EDE /* Fonts */ = {
			isa = PBXGroup;
			children = (
				CBA61F3D27CC3D7F00547EDE /* MarcellusSC-Regular.ttf */,
			);
			path = Fonts;
			sourceTree = "<group>";
		};
/* End PBXGroup section */

/* Begin PBXNativeTarget section */
		CBA61EE327CC0C5F00547EDE /* threeadventures */ = {
			isa = PBXNativeTarget;
			buildConfigurationList = CBA61F0E27CC0C6000547EDE /* Build configuration list for PBXNativeTarget "threeadventures" */;
			buildPhases = (
				2E6FF59864E42250424F4E88 /* [CP] Check Pods Manifest.lock */,
				CBA61EE027CC0C5F00547EDE /* Sources */,
				CBA61EE127CC0C5F00547EDE /* Frameworks */,
				CBA61EE227CC0C5F00547EDE /* Resources */,
				13734422729759B83AB5A8FF /* [CP] Embed Pods Frameworks */,
				CBA61F2E27CC1CD500547EDE /* ShellScript */,
				CBA61F3227CC349F00547EDE /* ShellScript */,
			);
			buildRules = (
			);
			dependencies = (
			);
			name = threeadventures;
			productName = threeadventures;
			productReference = CBA61EE427CC0C5F00547EDE /* threeadventures.app */;
			productType = "com.apple.product-type.application";
		};
		CBA61EF927CC0C6000547EDE /* threeadventuresTests */ = {
			isa = PBXNativeTarget;
			buildConfigurationList = CBA61F1127CC0C6000547EDE /* Build configuration list for PBXNativeTarget "threeadventuresTests" */;
			buildPhases = (
				258265B82C1FB2F276F35EC0 /* [CP] Check Pods Manifest.lock */,
				CBA61EF627CC0C6000547EDE /* Sources */,
				CBA61EF727CC0C6000547EDE /* Frameworks */,
				CBA61EF827CC0C6000547EDE /* Resources */,
			);
			buildRules = (
			);
			dependencies = (
				CBA61EFC27CC0C6000547EDE /* PBXTargetDependency */,
			);
			name = threeadventuresTests;
			productName = threeadventuresTests;
			productReference = CBA61EFA27CC0C6000547EDE /* threeadventuresTests.xctest */;
			productType = "com.apple.product-type.bundle.unit-test";
		};
		CBA61F0327CC0C6000547EDE /* threeadventuresUITests */ = {
			isa = PBXNativeTarget;
			buildConfigurationList = CBA61F1427CC0C6000547EDE /* Build configuration list for PBXNativeTarget "threeadventuresUITests" */;
			buildPhases = (
				499009A91AC23906D386332B /* [CP] Check Pods Manifest.lock */,
				CBA61F0027CC0C6000547EDE /* Sources */,
				CBA61F0127CC0C6000547EDE /* Frameworks */,
				CBA61F0227CC0C6000547EDE /* Resources */,
				2E2B42D7CDE1749F929E562A /* [CP] Embed Pods Frameworks */,
			);
			buildRules = (
			);
			dependencies = (
				CBA61F0627CC0C6000547EDE /* PBXTargetDependency */,
			);
			name = threeadventuresUITests;
			productName = threeadventuresUITests;
			productReference = CBA61F0427CC0C6000547EDE /* threeadventuresUITests.xctest */;
			productType = "com.apple.product-type.bundle.ui-testing";
		};
/* End PBXNativeTarget section */

/* Begin PBXProject section */
		CBA61EDC27CC0C5F00547EDE /* Project object */ = {
			isa = PBXProject;
			attributes = {
				BuildIndependentTargetsInParallel = 1;
				LastSwiftUpdateCheck = 1320;
				LastUpgradeCheck = 1320;
				TargetAttributes = {
					CBA61EE327CC0C5F00547EDE = {
						CreatedOnToolsVersion = 13.2.1;
					};
					CBA61EF927CC0C6000547EDE = {
						CreatedOnToolsVersion = 13.2.1;
						TestTargetID = CBA61EE327CC0C5F00547EDE;
					};
					CBA61F0327CC0C6000547EDE = {
						CreatedOnToolsVersion = 13.2.1;
						TestTargetID = CBA61EE327CC0C5F00547EDE;
					};
				};
			};
			buildConfigurationList = CBA61EDF27CC0C5F00547EDE /* Build configuration list for PBXProject "threeadventures" */;
			compatibilityVersion = "Xcode 13.0";
			developmentRegion = en;
			hasScannedForEncodings = 0;
			knownRegions = (
				en,
				Base,
			);
			mainGroup = CBA61EDB27CC0C5F00547EDE;
			productRefGroup = CBA61EE527CC0C5F00547EDE /* Products */;
			projectDirPath = "";
			projectRoot = "";
			targets = (
				CBA61EE327CC0C5F00547EDE /* threeadventures */,
				CBA61EF927CC0C6000547EDE /* threeadventuresTests */,
				CBA61F0327CC0C6000547EDE /* threeadventuresUITests */,
			);
		};
/* End PBXProject section */

/* Begin PBXResourcesBuildPhase section */
		CBA61EE227CC0C5F00547EDE /* Resources */ = {
			isa = PBXResourcesBuildPhase;
			buildActionMask = 2147483647;
			files = (
				CBA61EF427CC0C6000547EDE /* LaunchScreen.storyboard in Resources */,
				CBA61F4027CC3EB800547EDE /* MarcellusSC-Regular.ttf in Resources */,
				CBA61EF127CC0C6000547EDE /* Assets.xcassets in Resources */,
			);
			runOnlyForDeploymentPostprocessing = 0;
		};
		CBA61EF827CC0C6000547EDE /* Resources */ = {
			isa = PBXResourcesBuildPhase;
			buildActionMask = 2147483647;
			files = (
			);
			runOnlyForDeploymentPostprocessing = 0;
		};
		CBA61F0227CC0C6000547EDE /* Resources */ = {
			isa = PBXResourcesBuildPhase;
			buildActionMask = 2147483647;
			files = (
			);
			runOnlyForDeploymentPostprocessing = 0;
		};
/* End PBXResourcesBuildPhase section */

/* Begin PBXShellScriptBuildPhase section */
		13734422729759B83AB5A8FF /* [CP] Embed Pods Frameworks */ = {
			isa = PBXShellScriptBuildPhase;
			buildActionMask = 2147483647;
			files = (
			);
			inputFileListPaths = (
				"${PODS_ROOT}/Target Support Files/Pods-threeadventures/Pods-threeadventures-frameworks-${CONFIGURATION}-input-files.xcfilelist",
			);
			name = "[CP] Embed Pods Frameworks";
			outputFileListPaths = (
				"${PODS_ROOT}/Target Support Files/Pods-threeadventures/Pods-threeadventures-frameworks-${CONFIGURATION}-output-files.xcfilelist",
			);
			runOnlyForDeploymentPostprocessing = 0;
			shellPath = /bin/sh;
			shellScript = "\"${PODS_ROOT}/Target Support Files/Pods-threeadventures/Pods-threeadventures-frameworks.sh\"\n";
			showEnvVarsInLog = 0;
		};
		258265B82C1FB2F276F35EC0 /* [CP] Check Pods Manifest.lock */ = {
			isa = PBXShellScriptBuildPhase;
			buildActionMask = 2147483647;
			files = (
			);
			inputFileListPaths = (
			);
			inputPaths = (
				"${PODS_PODFILE_DIR_PATH}/Podfile.lock",
				"${PODS_ROOT}/Manifest.lock",
			);
			name = "[CP] Check Pods Manifest.lock";
			outputFileListPaths = (
			);
			outputPaths = (
				"$(DERIVED_FILE_DIR)/Pods-threeadventuresTests-checkManifestLockResult.txt",
			);
			runOnlyForDeploymentPostprocessing = 0;
			shellPath = /bin/sh;
			shellScript = "diff \"${PODS_PODFILE_DIR_PATH}/Podfile.lock\" \"${PODS_ROOT}/Manifest.lock\" > /dev/null\nif [ $? != 0 ] ; then\n    # print error to STDERR\n    echo \"error: The sandbox is not in sync with the Podfile.lock. Run 'pod install' or update your CocoaPods installation.\" >&2\n    exit 1\nfi\n# This output is used by Xcode 'outputs' to avoid re-running this script phase.\necho \"SUCCESS\" > \"${SCRIPT_OUTPUT_FILE_0}\"\n";
			showEnvVarsInLog = 0;
		};
		2E2B42D7CDE1749F929E562A /* [CP] Embed Pods Frameworks */ = {
			isa = PBXShellScriptBuildPhase;
			buildActionMask = 2147483647;
			files = (
			);
			inputFileListPaths = (
				"${PODS_ROOT}/Target Support Files/Pods-threeadventures-threeadventuresUITests/Pods-threeadventures-threeadventuresUITests-frameworks-${CONFIGURATION}-input-files.xcfilelist",
			);
			name = "[CP] Embed Pods Frameworks";
			outputFileListPaths = (
				"${PODS_ROOT}/Target Support Files/Pods-threeadventures-threeadventuresUITests/Pods-threeadventures-threeadventuresUITests-frameworks-${CONFIGURATION}-output-files.xcfilelist",
			);
			runOnlyForDeploymentPostprocessing = 0;
			shellPath = /bin/sh;
			shellScript = "\"${PODS_ROOT}/Target Support Files/Pods-threeadventures-threeadventuresUITests/Pods-threeadventures-threeadventuresUITests-frameworks.sh\"\n";
			showEnvVarsInLog = 0;
		};
		2E6FF59864E42250424F4E88 /* [CP] Check Pods Manifest.lock */ = {
			isa = PBXShellScriptBuildPhase;
			buildActionMask = 2147483647;
			files = (
			);
			inputFileListPaths = (
			);
			inputPaths = (
				"${PODS_PODFILE_DIR_PATH}/Podfile.lock",
				"${PODS_ROOT}/Manifest.lock",
			);
			name = "[CP] Check Pods Manifest.lock";
			outputFileListPaths = (
			);
			outputPaths = (
				"$(DERIVED_FILE_DIR)/Pods-threeadventures-checkManifestLockResult.txt",
			);
			runOnlyForDeploymentPostprocessing = 0;
			shellPath = /bin/sh;
			shellScript = "diff \"${PODS_PODFILE_DIR_PATH}/Podfile.lock\" \"${PODS_ROOT}/Manifest.lock\" > /dev/null\nif [ $? != 0 ] ; then\n    # print error to STDERR\n    echo \"error: The sandbox is not in sync with the Podfile.lock. Run 'pod install' or update your CocoaPods installation.\" >&2\n    exit 1\nfi\n# This output is used by Xcode 'outputs' to avoid re-running this script phase.\necho \"SUCCESS\" > \"${SCRIPT_OUTPUT_FILE_0}\"\n";
			showEnvVarsInLog = 0;
		};
		499009A91AC23906D386332B /* [CP] Check Pods Manifest.lock */ = {
			isa = PBXShellScriptBuildPhase;
			buildActionMask = 2147483647;
			files = (
			);
			inputFileListPaths = (
			);
			inputPaths = (
				"${PODS_PODFILE_DIR_PATH}/Podfile.lock",
				"${PODS_ROOT}/Manifest.lock",
			);
			name = "[CP] Check Pods Manifest.lock";
			outputFileListPaths = (
			);
			outputPaths = (
				"$(DERIVED_FILE_DIR)/Pods-threeadventures-threeadventuresUITests-checkManifestLockResult.txt",
			);
			runOnlyForDeploymentPostprocessing = 0;
			shellPath = /bin/sh;
			shellScript = "diff \"${PODS_PODFILE_DIR_PATH}/Podfile.lock\" \"${PODS_ROOT}/Manifest.lock\" > /dev/null\nif [ $? != 0 ] ; then\n    # print error to STDERR\n    echo \"error: The sandbox is not in sync with the Podfile.lock. Run 'pod install' or update your CocoaPods installation.\" >&2\n    exit 1\nfi\n# This output is used by Xcode 'outputs' to avoid re-running this script phase.\necho \"SUCCESS\" > \"${SCRIPT_OUTPUT_FILE_0}\"\n";
			showEnvVarsInLog = 0;
		};
		CBA61F2E27CC1CD500547EDE /* ShellScript */ = {
			isa = PBXShellScriptBuildPhase;
			buildActionMask = 2147483647;
			files = (
			);
			inputFileListPaths = (
			);
			inputPaths = (
			);
			outputFileListPaths = (
			);
			outputPaths = (
			);
			runOnlyForDeploymentPostprocessing = 0;
			shellPath = /bin/sh;
			shellScript = "if which \"${PODS_ROOT}/SwiftLint/swiftlint\" >/dev/null; then\n    ${PODS_ROOT}/SwiftLint/swiftlint --fix\nelse\n    echo \"warning: SwiftLint not installed, download from https://github.com/realm/SwiftLint\"\nfi\n";
		};
		CBA61F3227CC349F00547EDE /* ShellScript */ = {
			isa = PBXShellScriptBuildPhase;
			buildActionMask = 2147483647;
			files = (
			);
			inputFileListPaths = (
			);
			inputPaths = (
			);
			outputFileListPaths = (
			);
			outputPaths = (
			);
			runOnlyForDeploymentPostprocessing = 0;
			shellPath = /bin/sh;
			shellScript = "[ -f ./swiftgen.yml ] && swiftgen || echo \"No swiftgen.yml found\"\n";
		};
/* End PBXShellScriptBuildPhase section */

/* Begin PBXSourcesBuildPhase section */
		CBA61EE027CC0C5F00547EDE /* Sources */ = {
			isa = PBXSourcesBuildPhase;
			buildActionMask = 2147483647;
			files = (
				CBA61F2627CC0D2600547EDE /* AgeCheckViewController.swift in Sources */,
				CBA61F3F27CC3E3D00547EDE /* UIFont+Extensions.swift in Sources */,
				CBA61F2727CC0D2600547EDE /* AgeCheckInteractor.swift in Sources */,
				CBA61F2A27CC0D3700547EDE /* Coordinator.swift in Sources */,
				CBA61F3A27CC373B00547EDE /* Strings.generated.swift in Sources */,
				CBA61EE827CC0C5F00547EDE /* AppDelegate.swift in Sources */,
				CBA61F3B27CC373B00547EDE /* Accessibility.generated.swift in Sources */,
				CBA61F2D27CC0EB900547EDE /* ViewController.swift in Sources */,
				CBA61F3927CC373B00547EDE /* Assets.generated.swift in Sources */,
				CBA61F2527CC0D2600547EDE /* AgeCheckPresenter.swift in Sources */,
				CB6833D227D4FFC5009F802A /* UserSettingsService.swift in Sources */,
				CBA61F1A27CC0D0900547EDE /* MainCoordinator.swift in Sources */,
				CBA61F2827CC0D2600547EDE /* AgeCheckService.swift in Sources */,
				CBA61F2427CC0D2600547EDE /* AgeCheckFactory.swift in Sources */,
				CBA61F2327CC0D2600547EDE /* AgeCheckCoordinator.swift in Sources */,
				CBA61F3127CC2F7E00547EDE /* UIView+Extensions.swift in Sources */,
			);
			runOnlyForDeploymentPostprocessing = 0;
		};
		CBA61EF627CC0C6000547EDE /* Sources */ = {
			isa = PBXSourcesBuildPhase;
			buildActionMask = 2147483647;
			files = (
				CBA61EFF27CC0C6000547EDE /* threeadventuresTests.swift in Sources */,
			);
			runOnlyForDeploymentPostprocessing = 0;
		};
		CBA61F0027CC0C6000547EDE /* Sources */ = {
			isa = PBXSourcesBuildPhase;
			buildActionMask = 2147483647;
			files = (
				CBA61F0B27CC0C6000547EDE /* threeadventuresUITestsLaunchTests.swift in Sources */,
				CBA61F0927CC0C6000547EDE /* threeadventuresUITests.swift in Sources */,
			);
			runOnlyForDeploymentPostprocessing = 0;
		};
/* End PBXSourcesBuildPhase section */

/* Begin PBXTargetDependency section */
		CBA61EFC27CC0C6000547EDE /* PBXTargetDependency */ = {
			isa = PBXTargetDependency;
			target = CBA61EE327CC0C5F00547EDE /* threeadventures */;
			targetProxy = CBA61EFB27CC0C6000547EDE /* PBXContainerItemProxy */;
		};
		CBA61F0627CC0C6000547EDE /* PBXTargetDependency */ = {
			isa = PBXTargetDependency;
			target = CBA61EE327CC0C5F00547EDE /* threeadventures */;
			targetProxy = CBA61F0527CC0C6000547EDE /* PBXContainerItemProxy */;
		};
/* End PBXTargetDependency section */

/* Begin PBXVariantGroup section */
		CBA61EF227CC0C6000547EDE /* LaunchScreen.storyboard */ = {
			isa = PBXVariantGroup;
			children = (
				CBA61EF327CC0C6000547EDE /* Base */,
			);
			name = LaunchScreen.storyboard;
			sourceTree = "<group>";
		};
/* End PBXVariantGroup section */

/* Begin XCBuildConfiguration section */
		CBA61F0C27CC0C6000547EDE /* Debug */ = {
			isa = XCBuildConfiguration;
			buildSettings = {
				ALWAYS_SEARCH_USER_PATHS = NO;
				CLANG_ANALYZER_NONNULL = YES;
				CLANG_ANALYZER_NUMBER_OBJECT_CONVERSION = YES_AGGRESSIVE;
				CLANG_CXX_LANGUAGE_STANDARD = "gnu++17";
				CLANG_CXX_LIBRARY = "libc++";
				CLANG_ENABLE_MODULES = YES;
				CLANG_ENABLE_OBJC_ARC = YES;
				CLANG_ENABLE_OBJC_WEAK = YES;
				CLANG_WARN_BLOCK_CAPTURE_AUTORELEASING = YES;
				CLANG_WARN_BOOL_CONVERSION = YES;
				CLANG_WARN_COMMA = YES;
				CLANG_WARN_CONSTANT_CONVERSION = YES;
				CLANG_WARN_DEPRECATED_OBJC_IMPLEMENTATIONS = YES;
				CLANG_WARN_DIRECT_OBJC_ISA_USAGE = YES_ERROR;
				CLANG_WARN_DOCUMENTATION_COMMENTS = YES;
				CLANG_WARN_EMPTY_BODY = YES;
				CLANG_WARN_ENUM_CONVERSION = YES;
				CLANG_WARN_INFINITE_RECURSION = YES;
				CLANG_WARN_INT_CONVERSION = YES;
				CLANG_WARN_NON_LITERAL_NULL_CONVERSION = YES;
				CLANG_WARN_OBJC_IMPLICIT_RETAIN_SELF = YES;
				CLANG_WARN_OBJC_LITERAL_CONVERSION = YES;
				CLANG_WARN_OBJC_ROOT_CLASS = YES_ERROR;
				CLANG_WARN_QUOTED_INCLUDE_IN_FRAMEWORK_HEADER = YES;
				CLANG_WARN_RANGE_LOOP_ANALYSIS = YES;
				CLANG_WARN_STRICT_PROTOTYPES = YES;
				CLANG_WARN_SUSPICIOUS_MOVE = YES;
				CLANG_WARN_UNGUARDED_AVAILABILITY = YES_AGGRESSIVE;
				CLANG_WARN_UNREACHABLE_CODE = YES;
				CLANG_WARN__DUPLICATE_METHOD_MATCH = YES;
				COPY_PHASE_STRIP = NO;
				DEBUG_INFORMATION_FORMAT = dwarf;
				ENABLE_STRICT_OBJC_MSGSEND = YES;
				ENABLE_TESTABILITY = YES;
				GCC_C_LANGUAGE_STANDARD = gnu11;
				GCC_DYNAMIC_NO_PIC = NO;
				GCC_NO_COMMON_BLOCKS = YES;
				GCC_OPTIMIZATION_LEVEL = 0;
				GCC_PREPROCESSOR_DEFINITIONS = (
					"DEBUG=1",
					"$(inherited)",
				);
				GCC_WARN_64_TO_32_BIT_CONVERSION = YES;
				GCC_WARN_ABOUT_RETURN_TYPE = YES_ERROR;
				GCC_WARN_UNDECLARED_SELECTOR = YES;
				GCC_WARN_UNINITIALIZED_AUTOS = YES_AGGRESSIVE;
				GCC_WARN_UNUSED_FUNCTION = YES;
				GCC_WARN_UNUSED_VARIABLE = YES;
				IPHONEOS_DEPLOYMENT_TARGET = 12.0;
				MTL_ENABLE_DEBUG_INFO = INCLUDE_SOURCE;
				MTL_FAST_MATH = YES;
				ONLY_ACTIVE_ARCH = YES;
				SDKROOT = iphoneos;
				SWIFT_ACTIVE_COMPILATION_CONDITIONS = DEBUG;
				SWIFT_OPTIMIZATION_LEVEL = "-Onone";
			};
			name = Debug;
		};
		CBA61F0D27CC0C6000547EDE /* Release */ = {
			isa = XCBuildConfiguration;
			buildSettings = {
				ALWAYS_SEARCH_USER_PATHS = NO;
				CLANG_ANALYZER_NONNULL = YES;
				CLANG_ANALYZER_NUMBER_OBJECT_CONVERSION = YES_AGGRESSIVE;
				CLANG_CXX_LANGUAGE_STANDARD = "gnu++17";
				CLANG_CXX_LIBRARY = "libc++";
				CLANG_ENABLE_MODULES = YES;
				CLANG_ENABLE_OBJC_ARC = YES;
				CLANG_ENABLE_OBJC_WEAK = YES;
				CLANG_WARN_BLOCK_CAPTURE_AUTORELEASING = YES;
				CLANG_WARN_BOOL_CONVERSION = YES;
				CLANG_WARN_COMMA = YES;
				CLANG_WARN_CONSTANT_CONVERSION = YES;
				CLANG_WARN_DEPRECATED_OBJC_IMPLEMENTATIONS = YES;
				CLANG_WARN_DIRECT_OBJC_ISA_USAGE = YES_ERROR;
				CLANG_WARN_DOCUMENTATION_COMMENTS = YES;
				CLANG_WARN_EMPTY_BODY = YES;
				CLANG_WARN_ENUM_CONVERSION = YES;
				CLANG_WARN_INFINITE_RECURSION = YES;
				CLANG_WARN_INT_CONVERSION = YES;
				CLANG_WARN_NON_LITERAL_NULL_CONVERSION = YES;
				CLANG_WARN_OBJC_IMPLICIT_RETAIN_SELF = YES;
				CLANG_WARN_OBJC_LITERAL_CONVERSION = YES;
				CLANG_WARN_OBJC_ROOT_CLASS = YES_ERROR;
				CLANG_WARN_QUOTED_INCLUDE_IN_FRAMEWORK_HEADER = YES;
				CLANG_WARN_RANGE_LOOP_ANALYSIS = YES;
				CLANG_WARN_STRICT_PROTOTYPES = YES;
				CLANG_WARN_SUSPICIOUS_MOVE = YES;
				CLANG_WARN_UNGUARDED_AVAILABILITY = YES_AGGRESSIVE;
				CLANG_WARN_UNREACHABLE_CODE = YES;
				CLANG_WARN__DUPLICATE_METHOD_MATCH = YES;
				COPY_PHASE_STRIP = NO;
				DEBUG_INFORMATION_FORMAT = "dwarf-with-dsym";
				ENABLE_NS_ASSERTIONS = NO;
				ENABLE_STRICT_OBJC_MSGSEND = YES;
				GCC_C_LANGUAGE_STANDARD = gnu11;
				GCC_NO_COMMON_BLOCKS = YES;
				GCC_WARN_64_TO_32_BIT_CONVERSION = YES;
				GCC_WARN_ABOUT_RETURN_TYPE = YES_ERROR;
				GCC_WARN_UNDECLARED_SELECTOR = YES;
				GCC_WARN_UNINITIALIZED_AUTOS = YES_AGGRESSIVE;
				GCC_WARN_UNUSED_FUNCTION = YES;
				GCC_WARN_UNUSED_VARIABLE = YES;
				IPHONEOS_DEPLOYMENT_TARGET = 12.0;
				MTL_ENABLE_DEBUG_INFO = NO;
				MTL_FAST_MATH = YES;
				SDKROOT = iphoneos;
				SWIFT_COMPILATION_MODE = wholemodule;
				SWIFT_OPTIMIZATION_LEVEL = "-O";
				VALIDATE_PRODUCT = YES;
			};
			name = Release;
		};
		CBA61F0F27CC0C6000547EDE /* Debug */ = {
			isa = XCBuildConfiguration;
			baseConfigurationReference = F294E99CB67A40243802D0F5 /* Pods-threeadventures.debug.xcconfig */;
			buildSettings = {
				ASSETCATALOG_COMPILER_APPICON_NAME = AppIcon;
				ASSETCATALOG_COMPILER_GLOBAL_ACCENT_COLOR_NAME = AccentColor;
				CODE_SIGN_STYLE = Automatic;
				CURRENT_PROJECT_VERSION = 1;
				GENERATE_INFOPLIST_FILE = YES;
				INFOPLIST_FILE = threeadventures/Sources/Info.plist;
				INFOPLIST_KEY_UIApplicationSupportsIndirectInputEvents = YES;
				INFOPLIST_KEY_UILaunchStoryboardName = LaunchScreen;
				INFOPLIST_KEY_UISupportedInterfaceOrientations_iPad = "UIInterfaceOrientationPortrait UIInterfaceOrientationPortraitUpsideDown UIInterfaceOrientationLandscapeLeft UIInterfaceOrientationLandscapeRight";
				INFOPLIST_KEY_UISupportedInterfaceOrientations_iPhone = "UIInterfaceOrientationPortrait UIInterfaceOrientationLandscapeLeft UIInterfaceOrientationLandscapeRight";
				LD_RUNPATH_SEARCH_PATHS = (
					"$(inherited)",
					"@executable_path/Frameworks",
				);
				MARKETING_VERSION = 1.0;
				PRODUCT_BUNDLE_IDENTIFIER = com.koda.threeadventures;
				PRODUCT_NAME = "$(TARGET_NAME)";
				SWIFT_EMIT_LOC_STRINGS = YES;
				SWIFT_VERSION = 5.0;
				TARGETED_DEVICE_FAMILY = "1,2";
			};
			name = Debug;
		};
		CBA61F1027CC0C6000547EDE /* Release */ = {
			isa = XCBuildConfiguration;
			baseConfigurationReference = 1104FCE59805C8211D49D119 /* Pods-threeadventures.release.xcconfig */;
			buildSettings = {
				ASSETCATALOG_COMPILER_APPICON_NAME = AppIcon;
				ASSETCATALOG_COMPILER_GLOBAL_ACCENT_COLOR_NAME = AccentColor;
				CODE_SIGN_STYLE = Automatic;
				CURRENT_PROJECT_VERSION = 1;
				GENERATE_INFOPLIST_FILE = YES;
				INFOPLIST_FILE = threeadventures/Sources/Info.plist;
				INFOPLIST_KEY_UIApplicationSupportsIndirectInputEvents = YES;
				INFOPLIST_KEY_UILaunchStoryboardName = LaunchScreen;
				INFOPLIST_KEY_UISupportedInterfaceOrientations_iPad = "UIInterfaceOrientationPortrait UIInterfaceOrientationPortraitUpsideDown UIInterfaceOrientationLandscapeLeft UIInterfaceOrientationLandscapeRight";
				INFOPLIST_KEY_UISupportedInterfaceOrientations_iPhone = "UIInterfaceOrientationPortrait UIInterfaceOrientationLandscapeLeft UIInterfaceOrientationLandscapeRight";
				LD_RUNPATH_SEARCH_PATHS = (
					"$(inherited)",
					"@executable_path/Frameworks",
				);
				MARKETING_VERSION = 1.0;
				PRODUCT_BUNDLE_IDENTIFIER = com.koda.threeadventures;
				PRODUCT_NAME = "$(TARGET_NAME)";
				SWIFT_EMIT_LOC_STRINGS = YES;
				SWIFT_VERSION = 5.0;
				TARGETED_DEVICE_FAMILY = "1,2";
			};
			name = Release;
		};
		CBA61F1227CC0C6000547EDE /* Debug */ = {
			isa = XCBuildConfiguration;
			baseConfigurationReference = 9BABA1290A3060ACF5E94475 /* Pods-threeadventuresTests.debug.xcconfig */;
			buildSettings = {
				ALWAYS_EMBED_SWIFT_STANDARD_LIBRARIES = YES;
				BUNDLE_LOADER = "$(TEST_HOST)";
				CODE_SIGN_STYLE = Automatic;
				CURRENT_PROJECT_VERSION = 1;
				GENERATE_INFOPLIST_FILE = YES;
				IPHONEOS_DEPLOYMENT_TARGET = 15.2;
				MARKETING_VERSION = 1.0;
				PRODUCT_BUNDLE_IDENTIFIER = com.koda.threeadventuresTests;
				PRODUCT_NAME = "$(TARGET_NAME)";
				SWIFT_EMIT_LOC_STRINGS = NO;
				SWIFT_VERSION = 5.0;
				TARGETED_DEVICE_FAMILY = "1,2";
				TEST_HOST = "$(BUILT_PRODUCTS_DIR)/threeadventures.app/threeadventures";
			};
			name = Debug;
		};
		CBA61F1327CC0C6000547EDE /* Release */ = {
			isa = XCBuildConfiguration;
			baseConfigurationReference = ECB9485C01CD9D0E429D7050 /* Pods-threeadventuresTests.release.xcconfig */;
			buildSettings = {
				ALWAYS_EMBED_SWIFT_STANDARD_LIBRARIES = YES;
				BUNDLE_LOADER = "$(TEST_HOST)";
				CODE_SIGN_STYLE = Automatic;
				CURRENT_PROJECT_VERSION = 1;
				GENERATE_INFOPLIST_FILE = YES;
				IPHONEOS_DEPLOYMENT_TARGET = 15.2;
				MARKETING_VERSION = 1.0;
				PRODUCT_BUNDLE_IDENTIFIER = com.koda.threeadventuresTests;
				PRODUCT_NAME = "$(TARGET_NAME)";
				SWIFT_EMIT_LOC_STRINGS = NO;
				SWIFT_VERSION = 5.0;
				TARGETED_DEVICE_FAMILY = "1,2";
				TEST_HOST = "$(BUILT_PRODUCTS_DIR)/threeadventures.app/threeadventures";
			};
			name = Release;
		};
		CBA61F1527CC0C6000547EDE /* Debug */ = {
			isa = XCBuildConfiguration;
			baseConfigurationReference = 790DCD20F3F6D231179862E9 /* Pods-threeadventures-threeadventuresUITests.debug.xcconfig */;
			buildSettings = {
				ALWAYS_EMBED_SWIFT_STANDARD_LIBRARIES = YES;
				CODE_SIGN_STYLE = Automatic;
				CURRENT_PROJECT_VERSION = 1;
				GENERATE_INFOPLIST_FILE = YES;
				MARKETING_VERSION = 1.0;
				PRODUCT_BUNDLE_IDENTIFIER = com.koda.threeadventuresUITests;
				PRODUCT_NAME = "$(TARGET_NAME)";
				SWIFT_EMIT_LOC_STRINGS = NO;
				SWIFT_VERSION = 5.0;
				TARGETED_DEVICE_FAMILY = "1,2";
				TEST_TARGET_NAME = threeadventures;
			};
			name = Debug;
		};
		CBA61F1627CC0C6000547EDE /* Release */ = {
			isa = XCBuildConfiguration;
			baseConfigurationReference = 9154DA702A963E557E0FC4F2 /* Pods-threeadventures-threeadventuresUITests.release.xcconfig */;
			buildSettings = {
				ALWAYS_EMBED_SWIFT_STANDARD_LIBRARIES = YES;
				CODE_SIGN_STYLE = Automatic;
				CURRENT_PROJECT_VERSION = 1;
				GENERATE_INFOPLIST_FILE = YES;
				MARKETING_VERSION = 1.0;
				PRODUCT_BUNDLE_IDENTIFIER = com.koda.threeadventuresUITests;
				PRODUCT_NAME = "$(TARGET_NAME)";
				SWIFT_EMIT_LOC_STRINGS = NO;
				SWIFT_VERSION = 5.0;
				TARGETED_DEVICE_FAMILY = "1,2";
				TEST_TARGET_NAME = threeadventures;
			};
			name = Release;
		};
/* End XCBuildConfiguration section */

/* Begin XCConfigurationList section */
		CBA61EDF27CC0C5F00547EDE /* Build configuration list for PBXProject "threeadventures" */ = {
			isa = XCConfigurationList;
			buildConfigurations = (
				CBA61F0C27CC0C6000547EDE /* Debug */,
				CBA61F0D27CC0C6000547EDE /* Release */,
			);
			defaultConfigurationIsVisible = 0;
			defaultConfigurationName = Release;
		};
		CBA61F0E27CC0C6000547EDE /* Build configuration list for PBXNativeTarget "threeadventures" */ = {
			isa = XCConfigurationList;
			buildConfigurations = (
				CBA61F0F27CC0C6000547EDE /* Debug */,
				CBA61F1027CC0C6000547EDE /* Release */,
			);
			defaultConfigurationIsVisible = 0;
			defaultConfigurationName = Release;
		};
		CBA61F1127CC0C6000547EDE /* Build configuration list for PBXNativeTarget "threeadventuresTests" */ = {
			isa = XCConfigurationList;
			buildConfigurations = (
				CBA61F1227CC0C6000547EDE /* Debug */,
				CBA61F1327CC0C6000547EDE /* Release */,
			);
			defaultConfigurationIsVisible = 0;
			defaultConfigurationName = Release;
		};
		CBA61F1427CC0C6000547EDE /* Build configuration list for PBXNativeTarget "threeadventuresUITests" */ = {
			isa = XCConfigurationList;
			buildConfigurations = (
				CBA61F1527CC0C6000547EDE /* Debug */,
				CBA61F1627CC0C6000547EDE /* Release */,
			);
			defaultConfigurationIsVisible = 0;
			defaultConfigurationName = Release;
		};
/* End XCConfigurationList section */
	};
	rootObject = CBA61EDC27CC0C5F00547EDE /* Project object */;
}
